
Microsoft Visual Studio Solution File, Format Version 12.00
# Visual Studio Version 16
VisualStudioVersion = 16.0.28407.52
MinimumVisualStudioVersion = 10.0.40219.1
Project("{FAE04EC0-301F-11D3-BF4B-00C04F79EFBC}") = "CustomAnalyzer", "CustomAnalyzer\CustomAnalyzer\CustomAnalyzer.csproj", "{DCC655A7-DE83-42CA-A5D5-35E649CCC0F6}"
EndProject
Project("{FAE04EC0-301F-11D3-BF4B-00C04F79EFBC}") = "CustomAnalyzer.Test", "CustomAnalyzer\CustomAnalyzer.Test\CustomAnalyzer.Test.csproj", "{A952C252-3D44-4BF5-8A86-B1D7D4FF2869}"
EndProject
Project("{FAE04EC0-301F-11D3-BF4B-00C04F79EFBC}") = "CustomAnalyzer.Vsix", "CustomAnalyzer\CustomAnalyzer.Vsix\CustomAnalyzer.Vsix.csproj", "{898459DB-A1AB-4AE0-A71F-C8C5D505B20D}"
EndProject
Global
	GlobalSection(SolutionConfigurationPlatforms) = preSolution
		Debug|Any CPU = Debug|Any CPU
		Release|Any CPU = Release|Any CPU
	EndGlobalSection
	GlobalSection(ProjectConfigurationPlatforms) = postSolution
		{DCC655A7-DE83-42CA-A5D5-35E649CCC0F6}.Debug|Any CPU.ActiveCfg = Debug|Any CPU
		{DCC655A7-DE83-42CA-A5D5-35E649CCC0F6}.Debug|Any CPU.Build.0 = Debug|Any CPU
		{DCC655A7-DE83-42CA-A5D5-35E649CCC0F6}.Release|Any CPU.ActiveCfg = Release|Any CPU
		{DCC655A7-DE83-42CA-A5D5-35E649CCC0F6}.Release|Any CPU.Build.0 = Release|Any CPU
		{A952C252-3D44-4BF5-8A86-B1D7D4FF2869}.Debug|Any CPU.ActiveCfg = Debug|Any CPU
		{A952C252-3D44-4BF5-8A86-B1D7D4FF2869}.Debug|Any CPU.Build.0 = Debug|Any CPU
		{A952C252-3D44-4BF5-8A86-B1D7D4FF2869}.Release|Any CPU.ActiveCfg = Release|Any CPU
		{A952C252-3D44-4BF5-8A86-B1D7D4FF2869}.Release|Any CPU.Build.0 = Release|Any CPU
		{898459DB-A1AB-4AE0-A71F-C8C5D505B20D}.Debug|Any CPU.ActiveCfg = Debug|Any CPU
		{898459DB-A1AB-4AE0-A71F-C8C5D505B20D}.Debug|Any CPU.Build.0 = Debug|Any CPU
		{898459DB-A1AB-4AE0-A71F-C8C5D505B20D}.Release|Any CPU.ActiveCfg = Release|Any CPU
		{898459DB-A1AB-4AE0-A71F-C8C5D505B20D}.Release|Any CPU.Build.0 = Release|Any CPU
	EndGlobalSection
	GlobalSection(SolutionProperties) = preSolution
		HideSolutionNode = FALSE
	EndGlobalSection
	GlobalSection(ExtensibilityGlobals) = postSolution
		SolutionGuid = {F029DB50-8D22-4115-B91F-711991C00543}
	EndGlobalSection
EndGlobal
