
Microsoft Visual Studio Solution File, Format Version 12.00
# Visual Studio Version 16
VisualStudioVersion = 16.0.28407.52
MinimumVisualStudioVersion = 10.0.40219.1
Project("{9A19103F-16F7-4668-BE54-9A1E7A4F7556}") = "CustomAnalyzer", "CustomAnalyzer\CustomAnalyzer.csproj", "{232BA922-BADA-412D-A476-37EF1C8A91DD}"
EndProject
Project("{9A19103F-16F7-4668-BE54-9A1E7A4F7556}") = "CustomAnalyzer.Test", "CustomAnalyzer.Test\CustomAnalyzer.Test.csproj", "{BE1C17AD-A05E-47E0-AEC0-D3116AAA9864}"
EndProject
Project("{FAE04EC0-301F-11D3-BF4B-00C04F79EFBC}") = "CustomAnalyzer.Vsix", "CustomAnalyzer.Vsix\CustomAnalyzer.Vsix.csproj", "{898459DB-A1AB-4AE0-A71F-C8C5D505B20D}"
EndProject
Global
	GlobalSection(SolutionConfigurationPlatforms) = preSolution
		Debug|Any CPU = Debug|Any CPU
		Release|Any CPU = Release|Any CPU
	EndGlobalSection
	GlobalSection(ProjectConfigurationPlatforms) = postSolution
		{232BA922-BADA-412D-A476-37EF1C8A91DD}.Debug|Any CPU.ActiveCfg = Debug|Any CPU
		{232BA922-BADA-412D-A476-37EF1C8A91DD}.Debug|Any CPU.Build.0 = Debug|Any CPU
		{232BA922-BADA-412D-A476-37EF1C8A91DD}.Release|Any CPU.ActiveCfg = Release|Any CPU
		{232BA922-BADA-412D-A476-37EF1C8A91DD}.Release|Any CPU.Build.0 = Release|Any CPU
		{BE1C17AD-A05E-47E0-AEC0-D3116AAA9864}.Debug|Any CPU.ActiveCfg = Debug|Any CPU
		{BE1C17AD-A05E-47E0-AEC0-D3116AAA9864}.Debug|Any CPU.Build.0 = Debug|Any CPU
		{BE1C17AD-A05E-47E0-AEC0-D3116AAA9864}.Release|Any CPU.ActiveCfg = Release|Any CPU
		{BE1C17AD-A05E-47E0-AEC0-D3116AAA9864}.Release|Any CPU.Build.0 = Release|Any CPU
		{898459DB-A1AB-4AE0-A71F-C8C5D505B20D}.Debug|Any CPU.ActiveCfg = Debug|Any CPU
		{898459DB-A1AB-4AE0-A71F-C8C5D505B20D}.Debug|Any CPU.Build.0 = Debug|Any CPU
		{898459DB-A1AB-4AE0-A71F-C8C5D505B20D}.Release|Any CPU.ActiveCfg = Release|Any CPU
		{898459DB-A1AB-4AE0-A71F-C8C5D505B20D}.Release|Any CPU.Build.0 = Release|Any CPU
	EndGlobalSection
	GlobalSection(SolutionProperties) = preSolution
		HideSolutionNode = FALSE
	EndGlobalSection
	GlobalSection(ExtensibilityGlobals) = postSolution
		SolutionGuid = {F029DB50-8D22-4115-B91F-711991C00543}
	EndGlobalSection
EndGlobal
